// !$*UTF8*$!
{
	archiveVersion = 1;
	classes = {
	};
	objectVersion = 52;
	objects = {

/* Begin PBXBuildFile section */
		F6218F16258EBEFA00B18F0E /* MapView.swift in Sources */ = {isa = PBXBuildFile; fileRef = F6218F15258EBEFA00B18F0E /* MapView.swift */; };
		F6218F1B2590029000B18F0E /* TitleScreenView.swift in Sources */ = {isa = PBXBuildFile; fileRef = F6218F1A2590029000B18F0E /* TitleScreenView.swift */; };
		F6218F1F2590046000B18F0E /* LiteApp.swift in Sources */ = {isa = PBXBuildFile; fileRef = F6218F1E2590046000B18F0E /* LiteApp.swift */; };
		F6218F2625900D6F00B18F0E /* GameOverScreenView.swift in Sources */ = {isa = PBXBuildFile; fileRef = F6218F2525900D6F00B18F0E /* GameOverScreenView.swift */; };
		F6218F2C259018D700B18F0E /* GameScreenView.swift in Sources */ = {isa = PBXBuildFile; fileRef = F6218F2B259018D700B18F0E /* GameScreenView.swift */; };
		F62BA76C257769B100C7282C /* AppEnvironment.swift in Sources */ = {isa = PBXBuildFile; fileRef = F62BA76B257769B100C7282C /* AppEnvironment.swift */; };
		F651C43625788DC100C382C5 /* PlayerDetailView.swift in Sources */ = {isa = PBXBuildFile; fileRef = F651C43525788DC100C382C5 /* PlayerDetailView.swift */; };
		F651C43A25789F4400C382C5 /* SparkLineView.swift in Sources */ = {isa = PBXBuildFile; fileRef = F651C43925789F4400C382C5 /* SparkLineView.swift */; };
		F651C43E2578A92500C382C5 /* PriceHistoryView.swift in Sources */ = {isa = PBXBuildFile; fileRef = F651C43D2578A92500C382C5 /* PriceHistoryView.swift */; };
		F652CD37256EF95300EB2E47 /* ComposableArchitecture in Frameworks */ = {isa = PBXBuildFile; productRef = F652CD36256EF95300EB2E47 /* ComposableArchitecture */; };
		F652CD3C256F0B3C00EB2E47 /* Recipe.swift in Sources */ = {isa = PBXBuildFile; fileRef = F652CD3B256F0B3C00EB2E47 /* Recipe.swift */; };
		F652CD41256F0BAD00EB2E47 /* AppState.swift in Sources */ = {isa = PBXBuildFile; fileRef = F652CD40256F0BAD00EB2E47 /* AppState.swift */; };
		F652CD50256FA2AF00EB2E47 /* Brand.swift in Sources */ = {isa = PBXBuildFile; fileRef = F652CD4F256FA2AF00EB2E47 /* Brand.swift */; };
		F652CD5D256FA36500EB2E47 /* Entity.swift in Sources */ = {isa = PBXBuildFile; fileRef = F652CD5C256FA36500EB2E47 /* Entity.swift */; };
		F652CD62256FA3A300EB2E47 /* Money.swift in Sources */ = {isa = PBXBuildFile; fileRef = F652CD61256FA3A300EB2E47 /* Money.swift */; };
		F652CD67256FA3DA00EB2E47 /* City.swift in Sources */ = {isa = PBXBuildFile; fileRef = F652CD66256FA3DA00EB2E47 /* City.swift */; };
		F652CD6C256FA43800EB2E47 /* Trade.swift in Sources */ = {isa = PBXBuildFile; fileRef = F652CD6B256FA43800EB2E47 /* Trade.swift */; };
		F652CD71256FBB4900EB2E47 /* Inventory.swift in Sources */ = {isa = PBXBuildFile; fileRef = F652CD70256FBB4900EB2E47 /* Inventory.swift */; };
		F652CD76256FBD2000EB2E47 /* RandomExample.swift in Sources */ = {isa = PBXBuildFile; fileRef = F652CD75256FBD2000EB2E47 /* RandomExample.swift */; };
		F652CD81256FBD7600EB2E47 /* Production.swift in Sources */ = {isa = PBXBuildFile; fileRef = F652CD80256FBD7600EB2E47 /* Production.swift */; };
		F67AD10A257C38F0009F8137 /* MarketSummary.swift in Sources */ = {isa = PBXBuildFile; fileRef = F67AD109257C38F0009F8137 /* MarketSummary.swift */; };
		F67AD10E257CA776009F8137 /* Array+Extensions.swift in Sources */ = {isa = PBXBuildFile; fileRef = F67AD10D257CA776009F8137 /* Array+Extensions.swift */; };
		F67AD112257D5BEA009F8137 /* EventLogDetailView.swift in Sources */ = {isa = PBXBuildFile; fileRef = F67AD111257D5BEA009F8137 /* EventLogDetailView.swift */; };
		F6B5F0E12571B0E100AE9E83 /* CityListView.swift in Sources */ = {isa = PBXBuildFile; fileRef = F6B5F0E02571B0E100AE9E83 /* CityListView.swift */; };
		F6B5F0E62574531000AE9E83 /* AppState+RandomLoading.swift in Sources */ = {isa = PBXBuildFile; fileRef = F6B5F0E52574531000AE9E83 /* AppState+RandomLoading.swift */; };
		F6B5F1002574E9B000AE9E83 /* AppAction.swift in Sources */ = {isa = PBXBuildFile; fileRef = F6B5F0FF2574E9B000AE9E83 /* AppAction.swift */; };
		F6B5F10A2574F0FE00AE9E83 /* View+Hidden.swift in Sources */ = {isa = PBXBuildFile; fileRef = F6B5F1092574F0FE00AE9E83 /* View+Hidden.swift */; };
		F6B5F10F2574FD5B00AE9E83 /* CityDetailView.swift in Sources */ = {isa = PBXBuildFile; fileRef = F6B5F10E2574FD5B00AE9E83 /* CityDetailView.swift */; };
		F6B5F117257502FC00AE9E83 /* Travel.swift in Sources */ = {isa = PBXBuildFile; fileRef = F6B5F116257502FC00AE9E83 /* Travel.swift */; };
		F6C3698A25780A5C0041260E /* EntityListView.swift in Sources */ = {isa = PBXBuildFile; fileRef = F6C3698925780A5C0041260E /* EntityListView.swift */; };
		F6CBA3EF2582140F0021EC73 /* Product.swift in Sources */ = {isa = PBXBuildFile; fileRef = F652CD57256FA2E300EB2E47 /* Product.swift */; };
		F6CCBDB8256B7B800089E125 /* ProhibitionApp.swift in Sources */ = {isa = PBXBuildFile; fileRef = F6CCBDB7256B7B800089E125 /* ProhibitionApp.swift */; };
		F6CCBDBA256B7B800089E125 /* EventLogView.swift in Sources */ = {isa = PBXBuildFile; fileRef = F6CCBDB9256B7B800089E125 /* EventLogView.swift */; };
		F6CCBDBC256B7B800089E125 /* Assets.xcassets in Resources */ = {isa = PBXBuildFile; fileRef = F6CCBDBB256B7B800089E125 /* Assets.xcassets */; };
		F6CCBDBF256B7B800089E125 /* Preview Assets.xcassets in Resources */ = {isa = PBXBuildFile; fileRef = F6CCBDBE256B7B800089E125 /* Preview Assets.xcassets */; };
		F6CCBDCA256B7B800089E125 /* MoneyTests.swift in Sources */ = {isa = PBXBuildFile; fileRef = F6CCBDC9256B7B800089E125 /* MoneyTests.swift */; };
/* End PBXBuildFile section */

/* Begin PBXContainerItemProxy section */
		F6CCBDC6256B7B800089E125 /* PBXContainerItemProxy */ = {
			isa = PBXContainerItemProxy;
			containerPortal = F6CCBDAC256B7B800089E125 /* Project object */;
			proxyType = 1;
			remoteGlobalIDString = F6CCBDB3256B7B800089E125;
			remoteInfo = Prohibition;
		};
/* End PBXContainerItemProxy section */

/* Begin PBXFileReference section */
		F6218F15258EBEFA00B18F0E /* MapView.swift */ = {isa = PBXFileReference; lastKnownFileType = sourcecode.swift; path = MapView.swift; sourceTree = "<group>"; };
		F6218F1A2590029000B18F0E /* TitleScreenView.swift */ = {isa = PBXFileReference; lastKnownFileType = sourcecode.swift; path = TitleScreenView.swift; sourceTree = "<group>"; };
		F6218F1E2590046000B18F0E /* LiteApp.swift */ = {isa = PBXFileReference; lastKnownFileType = sourcecode.swift; path = LiteApp.swift; sourceTree = "<group>"; };
		F6218F2525900D6F00B18F0E /* GameOverScreenView.swift */ = {isa = PBXFileReference; lastKnownFileType = sourcecode.swift; path = GameOverScreenView.swift; sourceTree = "<group>"; };
		F6218F2B259018D700B18F0E /* GameScreenView.swift */ = {isa = PBXFileReference; lastKnownFileType = sourcecode.swift; path = GameScreenView.swift; sourceTree = "<group>"; };
		F62BA76B257769B100C7282C /* AppEnvironment.swift */ = {isa = PBXFileReference; lastKnownFileType = sourcecode.swift; path = AppEnvironment.swift; sourceTree = "<group>"; };
		F651C43525788DC100C382C5 /* PlayerDetailView.swift */ = {isa = PBXFileReference; lastKnownFileType = sourcecode.swift; path = PlayerDetailView.swift; sourceTree = "<group>"; };
		F651C43925789F4400C382C5 /* SparkLineView.swift */ = {isa = PBXFileReference; lastKnownFileType = sourcecode.swift; path = SparkLineView.swift; sourceTree = "<group>"; };
		F651C43D2578A92500C382C5 /* PriceHistoryView.swift */ = {isa = PBXFileReference; lastKnownFileType = sourcecode.swift; path = PriceHistoryView.swift; sourceTree = "<group>"; };
		F652CD3B256F0B3C00EB2E47 /* Recipe.swift */ = {isa = PBXFileReference; lastKnownFileType = sourcecode.swift; path = Recipe.swift; sourceTree = "<group>"; };
		F652CD40256F0BAD00EB2E47 /* AppState.swift */ = {isa = PBXFileReference; lastKnownFileType = sourcecode.swift; path = AppState.swift; sourceTree = "<group>"; };
		F652CD4F256FA2AF00EB2E47 /* Brand.swift */ = {isa = PBXFileReference; lastKnownFileType = sourcecode.swift; path = Brand.swift; sourceTree = "<group>"; };
		F652CD57256FA2E300EB2E47 /* Product.swift */ = {isa = PBXFileReference; lastKnownFileType = sourcecode.swift; path = Product.swift; sourceTree = "<group>"; };
		F652CD5C256FA36500EB2E47 /* Entity.swift */ = {isa = PBXFileReference; lastKnownFileType = sourcecode.swift; path = Entity.swift; sourceTree = "<group>"; };
		F652CD61256FA3A300EB2E47 /* Money.swift */ = {isa = PBXFileReference; lastKnownFileType = sourcecode.swift; path = Money.swift; sourceTree = "<group>"; };
		F652CD66256FA3DA00EB2E47 /* City.swift */ = {isa = PBXFileReference; lastKnownFileType = sourcecode.swift; path = City.swift; sourceTree = "<group>"; };
		F652CD6B256FA43800EB2E47 /* Trade.swift */ = {isa = PBXFileReference; lastKnownFileType = sourcecode.swift; path = Trade.swift; sourceTree = "<group>"; };
		F652CD70256FBB4900EB2E47 /* Inventory.swift */ = {isa = PBXFileReference; lastKnownFileType = sourcecode.swift; path = Inventory.swift; sourceTree = "<group>"; };
		F652CD75256FBD2000EB2E47 /* RandomExample.swift */ = {isa = PBXFileReference; lastKnownFileType = sourcecode.swift; path = RandomExample.swift; sourceTree = "<group>"; };
		F652CD80256FBD7600EB2E47 /* Production.swift */ = {isa = PBXFileReference; lastKnownFileType = sourcecode.swift; path = Production.swift; sourceTree = "<group>"; };
		F67AD109257C38F0009F8137 /* MarketSummary.swift */ = {isa = PBXFileReference; lastKnownFileType = sourcecode.swift; path = MarketSummary.swift; sourceTree = "<group>"; };
		F67AD10D257CA776009F8137 /* Array+Extensions.swift */ = {isa = PBXFileReference; lastKnownFileType = sourcecode.swift; path = "Array+Extensions.swift"; sourceTree = "<group>"; };
		F67AD111257D5BEA009F8137 /* EventLogDetailView.swift */ = {isa = PBXFileReference; lastKnownFileType = sourcecode.swift; path = EventLogDetailView.swift; sourceTree = "<group>"; };
		F6B5F0E02571B0E100AE9E83 /* CityListView.swift */ = {isa = PBXFileReference; lastKnownFileType = sourcecode.swift; path = CityListView.swift; sourceTree = "<group>"; };
		F6B5F0E52574531000AE9E83 /* AppState+RandomLoading.swift */ = {isa = PBXFileReference; lastKnownFileType = sourcecode.swift; path = "AppState+RandomLoading.swift"; sourceTree = "<group>"; };
		F6B5F0FF2574E9B000AE9E83 /* AppAction.swift */ = {isa = PBXFileReference; lastKnownFileType = sourcecode.swift; path = AppAction.swift; sourceTree = "<group>"; };
		F6B5F1092574F0FE00AE9E83 /* View+Hidden.swift */ = {isa = PBXFileReference; lastKnownFileType = sourcecode.swift; path = "View+Hidden.swift"; sourceTree = "<group>"; };
		F6B5F10E2574FD5B00AE9E83 /* CityDetailView.swift */ = {isa = PBXFileReference; lastKnownFileType = sourcecode.swift; path = CityDetailView.swift; sourceTree = "<group>"; };
		F6B5F116257502FC00AE9E83 /* Travel.swift */ = {isa = PBXFileReference; lastKnownFileType = sourcecode.swift; path = Travel.swift; sourceTree = "<group>"; };
		F6C3698925780A5C0041260E /* EntityListView.swift */ = {isa = PBXFileReference; lastKnownFileType = sourcecode.swift; path = EntityListView.swift; sourceTree = "<group>"; };
		F6CCBDB4256B7B800089E125 /* Prohibition.app */ = {isa = PBXFileReference; explicitFileType = wrapper.application; includeInIndex = 0; path = Prohibition.app; sourceTree = BUILT_PRODUCTS_DIR; };
		F6CCBDB7256B7B800089E125 /* ProhibitionApp.swift */ = {isa = PBXFileReference; lastKnownFileType = sourcecode.swift; path = ProhibitionApp.swift; sourceTree = "<group>"; };
		F6CCBDB9256B7B800089E125 /* EventLogView.swift */ = {isa = PBXFileReference; lastKnownFileType = sourcecode.swift; path = EventLogView.swift; sourceTree = "<group>"; };
		F6CCBDBB256B7B800089E125 /* Assets.xcassets */ = {isa = PBXFileReference; lastKnownFileType = folder.assetcatalog; path = Assets.xcassets; sourceTree = "<group>"; };
		F6CCBDBE256B7B800089E125 /* Preview Assets.xcassets */ = {isa = PBXFileReference; lastKnownFileType = folder.assetcatalog; path = "Preview Assets.xcassets"; sourceTree = "<group>"; };
		F6CCBDC0256B7B800089E125 /* Info.plist */ = {isa = PBXFileReference; lastKnownFileType = text.plist.xml; path = Info.plist; sourceTree = "<group>"; };
		F6CCBDC5256B7B800089E125 /* ProhibitionTests.xctest */ = {isa = PBXFileReference; explicitFileType = wrapper.cfbundle; includeInIndex = 0; path = ProhibitionTests.xctest; sourceTree = BUILT_PRODUCTS_DIR; };
		F6CCBDC9256B7B800089E125 /* MoneyTests.swift */ = {isa = PBXFileReference; lastKnownFileType = sourcecode.swift; path = MoneyTests.swift; sourceTree = "<group>"; };
		F6CCBDCB256B7B800089E125 /* Info.plist */ = {isa = PBXFileReference; lastKnownFileType = text.plist.xml; path = Info.plist; sourceTree = "<group>"; };
/* End PBXFileReference section */

/* Begin PBXFrameworksBuildPhase section */
		F6CCBDB1256B7B800089E125 /* Frameworks */ = {
			isa = PBXFrameworksBuildPhase;
			buildActionMask = 2147483647;
			files = (
				F652CD37256EF95300EB2E47 /* ComposableArchitecture in Frameworks */,
			);
			runOnlyForDeploymentPostprocessing = 0;
		};
		F6CCBDC2256B7B800089E125 /* Frameworks */ = {
			isa = PBXFrameworksBuildPhase;
			buildActionMask = 2147483647;
			files = (
			);
			runOnlyForDeploymentPostprocessing = 0;
		};
/* End PBXFrameworksBuildPhase section */

/* Begin PBXGroup section */
		F6218F14258EBEE800B18F0E /* Map */ = {
			isa = PBXGroup;
			children = (
				F6218F15258EBEFA00B18F0E /* MapView.swift */,
			);
			path = Map;
			sourceTree = "<group>";
		};
		F6218F192590027200B18F0E /* Lite */ = {
			isa = PBXGroup;
			children = (
				F6218F222590049800B18F0E /* Title */,
				F6218F1E2590046000B18F0E /* LiteApp.swift */,
			);
			path = Lite;
			sourceTree = "<group>";
		};
		F6218F222590049800B18F0E /* Title */ = {
			isa = PBXGroup;
			children = (
				F6218F1A2590029000B18F0E /* TitleScreenView.swift */,
				F6218F2B259018D700B18F0E /* GameScreenView.swift */,
				F6218F2525900D6F00B18F0E /* GameOverScreenView.swift */,
			);
			path = Title;
			sourceTree = "<group>";
		};
		F652CD4E256FA28900EB2E47 /* Protocols */ = {
			isa = PBXGroup;
			children = (
				F652CD75256FBD2000EB2E47 /* RandomExample.swift */,
			);
			path = Protocols;
			sourceTree = "<group>";
		};
		F697A4D82570D86D0065C50D /* App */ = {
			isa = PBXGroup;
			children = (
				F6CCBDB7256B7B800089E125 /* ProhibitionApp.swift */,
				F6B5F0E52574531000AE9E83 /* AppState+RandomLoading.swift */,
				F652CD40256F0BAD00EB2E47 /* AppState.swift */,
				F62BA76B257769B100C7282C /* AppEnvironment.swift */,
				F6B5F0FF2574E9B000AE9E83 /* AppAction.swift */,
			);
			path = App;
			sourceTree = "<group>";
		};
		F697A4D92570D8770065C50D /* Extensions */ = {
			isa = PBXGroup;
			children = (
				F6B5F1092574F0FE00AE9E83 /* View+Hidden.swift */,
				F67AD10D257CA776009F8137 /* Array+Extensions.swift */,
			);
			path = Extensions;
			sourceTree = "<group>";
		};
		F697A4DA2570D8980065C50D /* Resources */ = {
			isa = PBXGroup;
			children = (
				F6CCBDC0256B7B800089E125 /* Info.plist */,
				F6CCBDBB256B7B800089E125 /* Assets.xcassets */,
			);
			path = Resources;
			sourceTree = "<group>";
		};
		F697A4DE2570D8DE0065C50D /* Source */ = {
			isa = PBXGroup;
			children = (
				F6218F192590027200B18F0E /* Lite */,
				F6218F14258EBEE800B18F0E /* Map */,
				F6CBA3F6258214C10021EC73 /* Shared */,
				F6CBA3E7258211590021EC73 /* Product */,
				F6CBA3EA258213810021EC73 /* Market */,
				F697A4D82570D86D0065C50D /* App */,
				F6CBA3E6258210F80021EC73 /* City */,
				F6CBA3E5258210AA0021EC73 /* Entity */,
				F6CBA3E32582106F0021EC73 /* Player */,
			);
			path = Source;
			sourceTree = "<group>";
		};
		F6CBA3E32582106F0021EC73 /* Player */ = {
			isa = PBXGroup;
			children = (
				F651C43525788DC100C382C5 /* PlayerDetailView.swift */,
				F6B5F116257502FC00AE9E83 /* Travel.swift */,
			);
			path = Player;
			sourceTree = "<group>";
		};
		F6CBA3E5258210AA0021EC73 /* Entity */ = {
			isa = PBXGroup;
			children = (
				F652CD5C256FA36500EB2E47 /* Entity.swift */,
				F6C3698925780A5C0041260E /* EntityListView.swift */,
				F6CCBDB9256B7B800089E125 /* EventLogView.swift */,
				F67AD111257D5BEA009F8137 /* EventLogDetailView.swift */,
			);
			path = Entity;
			sourceTree = "<group>";
		};
		F6CBA3E6258210F80021EC73 /* City */ = {
			isa = PBXGroup;
			children = (
				F651C43925789F4400C382C5 /* SparkLineView.swift */,
				F651C43D2578A92500C382C5 /* PriceHistoryView.swift */,
				F67AD109257C38F0009F8137 /* MarketSummary.swift */,
				F652CD66256FA3DA00EB2E47 /* City.swift */,
				F6B5F0E02571B0E100AE9E83 /* CityListView.swift */,
				F6B5F10E2574FD5B00AE9E83 /* CityDetailView.swift */,
			);
			path = City;
			sourceTree = "<group>";
		};
		F6CBA3E7258211590021EC73 /* Product */ = {
			isa = PBXGroup;
			children = (
				F652CD4F256FA2AF00EB2E47 /* Brand.swift */,
				F652CD3B256F0B3C00EB2E47 /* Recipe.swift */,
				F652CD57256FA2E300EB2E47 /* Product.swift */,
			);
			path = Product;
			sourceTree = "<group>";
		};
		F6CBA3EA258213810021EC73 /* Market */ = {
			isa = PBXGroup;
			children = (
				F652CD61256FA3A300EB2E47 /* Money.swift */,
				F652CD6B256FA43800EB2E47 /* Trade.swift */,
				F652CD70256FBB4900EB2E47 /* Inventory.swift */,
				F652CD80256FBD7600EB2E47 /* Production.swift */,
			);
			path = Market;
			sourceTree = "<group>";
		};
		F6CBA3F6258214C10021EC73 /* Shared */ = {
			isa = PBXGroup;
			children = (
				F652CD4E256FA28900EB2E47 /* Protocols */,
				F697A4D92570D8770065C50D /* Extensions */,
			);
			path = Shared;
			sourceTree = "<group>";
		};
		F6CCBDAB256B7B800089E125 = {
			isa = PBXGroup;
			children = (
				F6CCBDB6256B7B800089E125 /* Prohibition */,
				F6CCBDC8256B7B800089E125 /* ProhibitionTests */,
				F6CCBDB5256B7B800089E125 /* Products */,
			);
			sourceTree = "<group>";
		};
		F6CCBDB5256B7B800089E125 /* Products */ = {
			isa = PBXGroup;
			children = (
				F6CCBDB4256B7B800089E125 /* Prohibition.app */,
				F6CCBDC5256B7B800089E125 /* ProhibitionTests.xctest */,
			);
			name = Products;
			sourceTree = "<group>";
		};
		F6CCBDB6256B7B800089E125 /* Prohibition */ = {
			isa = PBXGroup;
			children = (
				F697A4DE2570D8DE0065C50D /* Source */,
				F697A4DA2570D8980065C50D /* Resources */,
				F6CCBDBD256B7B800089E125 /* Preview Content */,
			);
			path = Prohibition;
			sourceTree = "<group>";
		};
		F6CCBDBD256B7B800089E125 /* Preview Content */ = {
			isa = PBXGroup;
			children = (
				F6CCBDBE256B7B800089E125 /* Preview Assets.xcassets */,
			);
			path = "Preview Content";
			sourceTree = "<group>";
		};
		F6CCBDC8256B7B800089E125 /* ProhibitionTests */ = {
			isa = PBXGroup;
			children = (
				F6CCBDC9256B7B800089E125 /* MoneyTests.swift */,
				F6CCBDCB256B7B800089E125 /* Info.plist */,
			);
			path = ProhibitionTests;
			sourceTree = "<group>";
		};
/* End PBXGroup section */

/* Begin PBXNativeTarget section */
		F6CCBDB3256B7B800089E125 /* Prohibition */ = {
			isa = PBXNativeTarget;
			buildConfigurationList = F6CCBDD9256B7B800089E125 /* Build configuration list for PBXNativeTarget "Prohibition" */;
			buildPhases = (
				F62BA77025776BC200C7282C /* Lint */,
				F6CCBDB0256B7B800089E125 /* Sources */,
				F6CCBDB1256B7B800089E125 /* Frameworks */,
				F6CCBDB2256B7B800089E125 /* Resources */,
			);
			buildRules = (
			);
			dependencies = (
			);
			name = Prohibition;
			packageProductDependencies = (
				F652CD36256EF95300EB2E47 /* ComposableArchitecture */,
			);
			productName = Prohibition;
			productReference = F6CCBDB4256B7B800089E125 /* Prohibition.app */;
			productType = "com.apple.product-type.application";
		};
		F6CCBDC4256B7B800089E125 /* ProhibitionTests */ = {
			isa = PBXNativeTarget;
			buildConfigurationList = F6CCBDDC256B7B800089E125 /* Build configuration list for PBXNativeTarget "ProhibitionTests" */;
			buildPhases = (
				F6CCBDC1256B7B800089E125 /* Sources */,
				F6CCBDC2256B7B800089E125 /* Frameworks */,
				F6CCBDC3256B7B800089E125 /* Resources */,
			);
			buildRules = (
			);
			dependencies = (
				F6CCBDC7256B7B800089E125 /* PBXTargetDependency */,
			);
			name = ProhibitionTests;
			productName = ProhibitionTests;
			productReference = F6CCBDC5256B7B800089E125 /* ProhibitionTests.xctest */;
			productType = "com.apple.product-type.bundle.unit-test";
		};
/* End PBXNativeTarget section */

/* Begin PBXProject section */
		F6CCBDAC256B7B800089E125 /* Project object */ = {
			isa = PBXProject;
			attributes = {
				LastSwiftUpdateCheck = 1200;
				LastUpgradeCheck = 1200;
				TargetAttributes = {
					F6CCBDB3256B7B800089E125 = {
						CreatedOnToolsVersion = 12.0;
					};
					F6CCBDC4256B7B800089E125 = {
						CreatedOnToolsVersion = 12.0;
						TestTargetID = F6CCBDB3256B7B800089E125;
					};
				};
			};
			buildConfigurationList = F6CCBDAF256B7B800089E125 /* Build configuration list for PBXProject "Prohibition" */;
			compatibilityVersion = "Xcode 9.3";
			developmentRegion = en;
			hasScannedForEncodings = 0;
			knownRegions = (
				en,
				Base,
			);
			mainGroup = F6CCBDAB256B7B800089E125;
			packageReferences = (
				F652CD35256EF95300EB2E47 /* XCRemoteSwiftPackageReference "swift-composable-architecture" */,
			);
			productRefGroup = F6CCBDB5256B7B800089E125 /* Products */;
			projectDirPath = "";
			projectRoot = "";
			targets = (
				F6CCBDB3256B7B800089E125 /* Prohibition */,
				F6CCBDC4256B7B800089E125 /* ProhibitionTests */,
			);
		};
/* End PBXProject section */

/* Begin PBXResourcesBuildPhase section */
		F6CCBDB2256B7B800089E125 /* Resources */ = {
			isa = PBXResourcesBuildPhase;
			buildActionMask = 2147483647;
			files = (
				F6CCBDBF256B7B800089E125 /* Preview Assets.xcassets in Resources */,
				F6CCBDBC256B7B800089E125 /* Assets.xcassets in Resources */,
			);
			runOnlyForDeploymentPostprocessing = 0;
		};
		F6CCBDC3256B7B800089E125 /* Resources */ = {
			isa = PBXResourcesBuildPhase;
			buildActionMask = 2147483647;
			files = (
			);
			runOnlyForDeploymentPostprocessing = 0;
		};
/* End PBXResourcesBuildPhase section */

/* Begin PBXShellScriptBuildPhase section */
		F62BA77025776BC200C7282C /* Lint */ = {
			isa = PBXShellScriptBuildPhase;
			buildActionMask = 2147483647;
			files = (
			);
			inputFileListPaths = (
			);
			inputPaths = (
			);
			name = Lint;
			outputFileListPaths = (
			);
			outputPaths = (
			);
			runOnlyForDeploymentPostprocessing = 0;
			shellPath = /bin/sh;
			shellScript = "if which swiftlint >/dev/null; then\n  swiftlint\nelse\n  echo \"warning: SwiftLint not installed, download from https://github.com/realm/SwiftLint\"\nfi\n";
		};
/* End PBXShellScriptBuildPhase section */

/* Begin PBXSourcesBuildPhase section */
		F6CCBDB0256B7B800089E125 /* Sources */ = {
			isa = PBXSourcesBuildPhase;
			buildActionMask = 2147483647;
			files = (
				F652CD3C256F0B3C00EB2E47 /* Recipe.swift in Sources */,
				F6218F2625900D6F00B18F0E /* GameOverScreenView.swift in Sources */,
				F652CD62256FA3A300EB2E47 /* Money.swift in Sources */,
				F6B5F10F2574FD5B00AE9E83 /* CityDetailView.swift in Sources */,
				F6218F2C259018D700B18F0E /* GameScreenView.swift in Sources */,
				F651C43625788DC100C382C5 /* PlayerDetailView.swift in Sources */,
				F6B5F0E12571B0E100AE9E83 /* CityListView.swift in Sources */,
				F652CD81256FBD7600EB2E47 /* Production.swift in Sources */,
				F6218F1B2590029000B18F0E /* TitleScreenView.swift in Sources */,
				F6CCBDBA256B7B800089E125 /* EventLogView.swift in Sources */,
				F6CCBDB8256B7B800089E125 /* ProhibitionApp.swift in Sources */,
				F6C3698A25780A5C0041260E /* EntityListView.swift in Sources */,
				F67AD10E257CA776009F8137 /* Array+Extensions.swift in Sources */,
				F651C43A25789F4400C382C5 /* SparkLineView.swift in Sources */,
				F67AD10A257C38F0009F8137 /* MarketSummary.swift in Sources */,
				F6218F1F2590046000B18F0E /* LiteApp.swift in Sources */,
				F652CD6C256FA43800EB2E47 /* Trade.swift in Sources */,
				F652CD71256FBB4900EB2E47 /* Inventory.swift in Sources */,
				F652CD50256FA2AF00EB2E47 /* Brand.swift in Sources */,
				F6B5F1002574E9B000AE9E83 /* AppAction.swift in Sources */,
				F67AD112257D5BEA009F8137 /* EventLogDetailView.swift in Sources */,
				F6B5F0E62574531000AE9E83 /* AppState+RandomLoading.swift in Sources */,
				F6B5F117257502FC00AE9E83 /* Travel.swift in Sources */,
				F62BA76C257769B100C7282C /* AppEnvironment.swift in Sources */,
				F6CBA3EF2582140F0021EC73 /* Product.swift in Sources */,
				F6218F16258EBEFA00B18F0E /* MapView.swift in Sources */,
				F6B5F10A2574F0FE00AE9E83 /* View+Hidden.swift in Sources */,
				F652CD76256FBD2000EB2E47 /* RandomExample.swift in Sources */,
				F652CD5D256FA36500EB2E47 /* Entity.swift in Sources */,
				F651C43E2578A92500C382C5 /* PriceHistoryView.swift in Sources */,
				F652CD41256F0BAD00EB2E47 /* AppState.swift in Sources */,
				F652CD67256FA3DA00EB2E47 /* City.swift in Sources */,
			);
			runOnlyForDeploymentPostprocessing = 0;
		};
		F6CCBDC1256B7B800089E125 /* Sources */ = {
			isa = PBXSourcesBuildPhase;
			buildActionMask = 2147483647;
			files = (
				F6CCBDCA256B7B800089E125 /* MoneyTests.swift in Sources */,
			);
			runOnlyForDeploymentPostprocessing = 0;
		};
/* End PBXSourcesBuildPhase section */

/* Begin PBXTargetDependency section */
		F6CCBDC7256B7B800089E125 /* PBXTargetDependency */ = {
			isa = PBXTargetDependency;
			target = F6CCBDB3256B7B800089E125 /* Prohibition */;
			targetProxy = F6CCBDC6256B7B800089E125 /* PBXContainerItemProxy */;
		};
/* End PBXTargetDependency section */

/* Begin XCBuildConfiguration section */
		F6CCBDD7256B7B800089E125 /* Debug */ = {
			isa = XCBuildConfiguration;
			buildSettings = {
				ALWAYS_SEARCH_USER_PATHS = NO;
				CLANG_ANALYZER_NONNULL = YES;
				CLANG_ANALYZER_NUMBER_OBJECT_CONVERSION = YES_AGGRESSIVE;
				CLANG_CXX_LANGUAGE_STANDARD = "gnu++14";
				CLANG_CXX_LIBRARY = "libc++";
				CLANG_ENABLE_MODULES = YES;
				CLANG_ENABLE_OBJC_ARC = YES;
				CLANG_ENABLE_OBJC_WEAK = YES;
				CLANG_WARN_BLOCK_CAPTURE_AUTORELEASING = YES;
				CLANG_WARN_BOOL_CONVERSION = YES;
				CLANG_WARN_COMMA = YES;
				CLANG_WARN_CONSTANT_CONVERSION = YES;
				CLANG_WARN_DEPRECATED_OBJC_IMPLEMENTATIONS = YES;
				CLANG_WARN_DIRECT_OBJC_ISA_USAGE = YES_ERROR;
				CLANG_WARN_DOCUMENTATION_COMMENTS = YES;
				CLANG_WARN_EMPTY_BODY = YES;
				CLANG_WARN_ENUM_CONVERSION = YES;
				CLANG_WARN_INFINITE_RECURSION = YES;
				CLANG_WARN_INT_CONVERSION = YES;
				CLANG_WARN_NON_LITERAL_NULL_CONVERSION = YES;
				CLANG_WARN_OBJC_IMPLICIT_RETAIN_SELF = YES;
				CLANG_WARN_OBJC_LITERAL_CONVERSION = YES;
				CLANG_WARN_OBJC_ROOT_CLASS = YES_ERROR;
				CLANG_WARN_QUOTED_INCLUDE_IN_FRAMEWORK_HEADER = YES;
				CLANG_WARN_RANGE_LOOP_ANALYSIS = YES;
				CLANG_WARN_STRICT_PROTOTYPES = YES;
				CLANG_WARN_SUSPICIOUS_MOVE = YES;
				CLANG_WARN_UNGUARDED_AVAILABILITY = YES_AGGRESSIVE;
				CLANG_WARN_UNREACHABLE_CODE = YES;
				CLANG_WARN__DUPLICATE_METHOD_MATCH = YES;
				COPY_PHASE_STRIP = NO;
				DEBUG_INFORMATION_FORMAT = dwarf;
				ENABLE_STRICT_OBJC_MSGSEND = YES;
				ENABLE_TESTABILITY = YES;
				GCC_C_LANGUAGE_STANDARD = gnu11;
				GCC_DYNAMIC_NO_PIC = NO;
				GCC_NO_COMMON_BLOCKS = YES;
				GCC_OPTIMIZATION_LEVEL = 0;
				GCC_PREPROCESSOR_DEFINITIONS = (
					"DEBUG=1",
					"$(inherited)",
				);
				GCC_WARN_64_TO_32_BIT_CONVERSION = YES;
				GCC_WARN_ABOUT_RETURN_TYPE = YES_ERROR;
				GCC_WARN_UNDECLARED_SELECTOR = YES;
				GCC_WARN_UNINITIALIZED_AUTOS = YES_AGGRESSIVE;
				GCC_WARN_UNUSED_FUNCTION = YES;
				GCC_WARN_UNUSED_VARIABLE = YES;
				IPHONEOS_DEPLOYMENT_TARGET = 14.0;
				MTL_ENABLE_DEBUG_INFO = INCLUDE_SOURCE;
				MTL_FAST_MATH = YES;
				ONLY_ACTIVE_ARCH = YES;
				SDKROOT = iphoneos;
				SWIFT_ACTIVE_COMPILATION_CONDITIONS = DEBUG;
				SWIFT_OPTIMIZATION_LEVEL = "-Onone";
			};
			name = Debug;
		};
		F6CCBDD8256B7B800089E125 /* Release */ = {
			isa = XCBuildConfiguration;
			buildSettings = {
				ALWAYS_SEARCH_USER_PATHS = NO;
				CLANG_ANALYZER_NONNULL = YES;
				CLANG_ANALYZER_NUMBER_OBJECT_CONVERSION = YES_AGGRESSIVE;
				CLANG_CXX_LANGUAGE_STANDARD = "gnu++14";
				CLANG_CXX_LIBRARY = "libc++";
				CLANG_ENABLE_MODULES = YES;
				CLANG_ENABLE_OBJC_ARC = YES;
				CLANG_ENABLE_OBJC_WEAK = YES;
				CLANG_WARN_BLOCK_CAPTURE_AUTORELEASING = YES;
				CLANG_WARN_BOOL_CONVERSION = YES;
				CLANG_WARN_COMMA = YES;
				CLANG_WARN_CONSTANT_CONVERSION = YES;
				CLANG_WARN_DEPRECATED_OBJC_IMPLEMENTATIONS = YES;
				CLANG_WARN_DIRECT_OBJC_ISA_USAGE = YES_ERROR;
				CLANG_WARN_DOCUMENTATION_COMMENTS = YES;
				CLANG_WARN_EMPTY_BODY = YES;
				CLANG_WARN_ENUM_CONVERSION = YES;
				CLANG_WARN_INFINITE_RECURSION = YES;
				CLANG_WARN_INT_CONVERSION = YES;
				CLANG_WARN_NON_LITERAL_NULL_CONVERSION = YES;
				CLANG_WARN_OBJC_IMPLICIT_RETAIN_SELF = YES;
				CLANG_WARN_OBJC_LITERAL_CONVERSION = YES;
				CLANG_WARN_OBJC_ROOT_CLASS = YES_ERROR;
				CLANG_WARN_QUOTED_INCLUDE_IN_FRAMEWORK_HEADER = YES;
				CLANG_WARN_RANGE_LOOP_ANALYSIS = YES;
				CLANG_WARN_STRICT_PROTOTYPES = YES;
				CLANG_WARN_SUSPICIOUS_MOVE = YES;
				CLANG_WARN_UNGUARDED_AVAILABILITY = YES_AGGRESSIVE;
				CLANG_WARN_UNREACHABLE_CODE = YES;
				CLANG_WARN__DUPLICATE_METHOD_MATCH = YES;
				COPY_PHASE_STRIP = NO;
				DEBUG_INFORMATION_FORMAT = "dwarf-with-dsym";
				ENABLE_NS_ASSERTIONS = NO;
				ENABLE_STRICT_OBJC_MSGSEND = YES;
				GCC_C_LANGUAGE_STANDARD = gnu11;
				GCC_NO_COMMON_BLOCKS = YES;
				GCC_WARN_64_TO_32_BIT_CONVERSION = YES;
				GCC_WARN_ABOUT_RETURN_TYPE = YES_ERROR;
				GCC_WARN_UNDECLARED_SELECTOR = YES;
				GCC_WARN_UNINITIALIZED_AUTOS = YES_AGGRESSIVE;
				GCC_WARN_UNUSED_FUNCTION = YES;
				GCC_WARN_UNUSED_VARIABLE = YES;
				IPHONEOS_DEPLOYMENT_TARGET = 14.0;
				MTL_ENABLE_DEBUG_INFO = NO;
				MTL_FAST_MATH = YES;
				SDKROOT = iphoneos;
				SWIFT_COMPILATION_MODE = wholemodule;
				SWIFT_OPTIMIZATION_LEVEL = "-O";
				VALIDATE_PRODUCT = YES;
			};
			name = Release;
		};
		F6CCBDDA256B7B800089E125 /* Debug */ = {
			isa = XCBuildConfiguration;
			buildSettings = {
				ASSETCATALOG_COMPILER_APPICON_NAME = AppIcon;
				ASSETCATALOG_COMPILER_GLOBAL_ACCENT_COLOR_NAME = AccentColor;
				CODE_SIGN_STYLE = Automatic;
				DEVELOPMENT_ASSET_PATHS = "\"Prohibition/Preview Content\"";
				DEVELOPMENT_TEAM = RY8GFUKX9U;
				ENABLE_PREVIEWS = YES;
				INFOPLIST_FILE = Prohibition/Resources/Info.plist;
				IPHONEOS_DEPLOYMENT_TARGET = 14.0;
				LD_RUNPATH_SEARCH_PATHS = (
					"$(inherited)",
					"@executable_path/Frameworks",
				);
				PRODUCT_BUNDLE_IDENTIFIER = com.beergrammer.Prohibition;
				PRODUCT_NAME = "$(TARGET_NAME)";
				SWIFT_VERSION = 5.0;
				TARGETED_DEVICE_FAMILY = "1,2";
			};
			name = Debug;
		};
		F6CCBDDB256B7B800089E125 /* Release */ = {
			isa = XCBuildConfiguration;
			buildSettings = {
				ASSETCATALOG_COMPILER_APPICON_NAME = AppIcon;
				ASSETCATALOG_COMPILER_GLOBAL_ACCENT_COLOR_NAME = AccentColor;
				CODE_SIGN_STYLE = Automatic;
				DEVELOPMENT_ASSET_PATHS = "\"Prohibition/Preview Content\"";
				DEVELOPMENT_TEAM = RY8GFUKX9U;
				ENABLE_PREVIEWS = YES;
				INFOPLIST_FILE = Prohibition/Resources/Info.plist;
				IPHONEOS_DEPLOYMENT_TARGET = 14.0;
				LD_RUNPATH_SEARCH_PATHS = (
					"$(inherited)",
					"@executable_path/Frameworks",
				);
				PRODUCT_BUNDLE_IDENTIFIER = com.beergrammer.Prohibition;
				PRODUCT_NAME = "$(TARGET_NAME)";
				SWIFT_VERSION = 5.0;
				TARGETED_DEVICE_FAMILY = "1,2";
			};
			name = Release;
		};
		F6CCBDDD256B7B800089E125 /* Debug */ = {
			isa = XCBuildConfiguration;
			buildSettings = {
				ALWAYS_EMBED_SWIFT_STANDARD_LIBRARIES = YES;
				BUNDLE_LOADER = "$(TEST_HOST)";
				CODE_SIGN_STYLE = Automatic;
				DEVELOPMENT_TEAM = RY8GFUKX9U;
				INFOPLIST_FILE = ProhibitionTests/Info.plist;
				IPHONEOS_DEPLOYMENT_TARGET = 14.0;
				LD_RUNPATH_SEARCH_PATHS = (
					"$(inherited)",
					"@executable_path/Frameworks",
					"@loader_path/Frameworks",
				);
				PRODUCT_BUNDLE_IDENTIFIER = com.beergrammer.ProhibitionTests;
				PRODUCT_NAME = "$(TARGET_NAME)";
				SWIFT_VERSION = 5.0;
				TARGETED_DEVICE_FAMILY = "1,2";
				TEST_HOST = "$(BUILT_PRODUCTS_DIR)/Prohibition.app/Prohibition";
			};
			name = Debug;
		};
		F6CCBDDE256B7B800089E125 /* Release */ = {
			isa = XCBuildConfiguration;
			buildSettings = {
				ALWAYS_EMBED_SWIFT_STANDARD_LIBRARIES = YES;
				BUNDLE_LOADER = "$(TEST_HOST)";
				CODE_SIGN_STYLE = Automatic;
				DEVELOPMENT_TEAM = RY8GFUKX9U;
				INFOPLIST_FILE = ProhibitionTests/Info.plist;
				IPHONEOS_DEPLOYMENT_TARGET = 14.0;
				LD_RUNPATH_SEARCH_PATHS = (
					"$(inherited)",
					"@executable_path/Frameworks",
					"@loader_path/Frameworks",
				);
				PRODUCT_BUNDLE_IDENTIFIER = com.beergrammer.ProhibitionTests;
				PRODUCT_NAME = "$(TARGET_NAME)";
				SWIFT_VERSION = 5.0;
				TARGETED_DEVICE_FAMILY = "1,2";
				TEST_HOST = "$(BUILT_PRODUCTS_DIR)/Prohibition.app/Prohibition";
			};
			name = Release;
		};
/* End XCBuildConfiguration section */

/* Begin XCConfigurationList section */
		F6CCBDAF256B7B800089E125 /* Build configuration list for PBXProject "Prohibition" */ = {
			isa = XCConfigurationList;
			buildConfigurations = (
				F6CCBDD7256B7B800089E125 /* Debug */,
				F6CCBDD8256B7B800089E125 /* Release */,
			);
			defaultConfigurationIsVisible = 0;
			defaultConfigurationName = Release;
		};
		F6CCBDD9256B7B800089E125 /* Build configuration list for PBXNativeTarget "Prohibition" */ = {
			isa = XCConfigurationList;
			buildConfigurations = (
				F6CCBDDA256B7B800089E125 /* Debug */,
				F6CCBDDB256B7B800089E125 /* Release */,
			);
			defaultConfigurationIsVisible = 0;
			defaultConfigurationName = Release;
		};
		F6CCBDDC256B7B800089E125 /* Build configuration list for PBXNativeTarget "ProhibitionTests" */ = {
			isa = XCConfigurationList;
			buildConfigurations = (
				F6CCBDDD256B7B800089E125 /* Debug */,
				F6CCBDDE256B7B800089E125 /* Release */,
			);
			defaultConfigurationIsVisible = 0;
			defaultConfigurationName = Release;
		};
/* End XCConfigurationList section */

/* Begin XCRemoteSwiftPackageReference section */
		F652CD35256EF95300EB2E47 /* XCRemoteSwiftPackageReference "swift-composable-architecture" */ = {
			isa = XCRemoteSwiftPackageReference;
			repositoryURL = "https://github.com/pointfreeco/swift-composable-architecture";
			requirement = {
				kind = upToNextMajorVersion;
				minimumVersion = 0.9.0;
			};
		};
/* End XCRemoteSwiftPackageReference section */

/* Begin XCSwiftPackageProductDependency section */
		F652CD36256EF95300EB2E47 /* ComposableArchitecture */ = {
			isa = XCSwiftPackageProductDependency;
			package = F652CD35256EF95300EB2E47 /* XCRemoteSwiftPackageReference "swift-composable-architecture" */;
			productName = ComposableArchitecture;
		};
/* End XCSwiftPackageProductDependency section */
	};
	rootObject = F6CCBDAC256B7B800089E125 /* Project object */;
}
